
Microsoft Visual Studio Solution File, Format Version 12.00
# Visual Studio 2013
VisualStudioVersion = 12.0.30723.0
MinimumVisualStudioVersion = 10.0.40219.1
Project("{FAE04EC0-301F-11D3-BF4B-00C04F79EFBC}") = "PropertyTracker.Web.Api", "PropertyTracker.Web.Api\PropertyTracker.Web.Api.csproj", "{234BF27C-77C5-4502-A2BB-6599C3A02409}"
EndProject
Project("{FAE04EC0-301F-11D3-BF4B-00C04F79EFBC}") = "PropertyTracker.Web.Entity.Models", "PropertyTracker.Web.Models\PropertyTracker.Web.Entity.Models.csproj", "{65134F42-13A6-40F9-ABE9-F211D4AB2933}"
EndProject
Global
	GlobalSection(SolutionConfigurationPlatforms) = preSolution
		Ad-Hoc|Any CPU = Ad-Hoc|Any CPU
		Ad-Hoc|iPhone = Ad-Hoc|iPhone
		Ad-Hoc|iPhoneSimulator = Ad-Hoc|iPhoneSimulator
		Ad-Hoc|Mixed Platforms = Ad-Hoc|Mixed Platforms
		AppStore|Any CPU = AppStore|Any CPU
		AppStore|iPhone = AppStore|iPhone
		AppStore|iPhoneSimulator = AppStore|iPhoneSimulator
		AppStore|Mixed Platforms = AppStore|Mixed Platforms
		Debug|Any CPU = Debug|Any CPU
		Debug|iPhone = Debug|iPhone
		Debug|iPhoneSimulator = Debug|iPhoneSimulator
		Debug|Mixed Platforms = Debug|Mixed Platforms
		Release|Any CPU = Release|Any CPU
		Release|iPhone = Release|iPhone
		Release|iPhoneSimulator = Release|iPhoneSimulator
		Release|Mixed Platforms = Release|Mixed Platforms
	EndGlobalSection
	GlobalSection(ProjectConfigurationPlatforms) = postSolution
		{234BF27C-77C5-4502-A2BB-6599C3A02409}.Ad-Hoc|Any CPU.ActiveCfg = Release|Any CPU
		{234BF27C-77C5-4502-A2BB-6599C3A02409}.Ad-Hoc|Any CPU.Build.0 = Release|Any CPU
		{234BF27C-77C5-4502-A2BB-6599C3A02409}.Ad-Hoc|iPhone.ActiveCfg = Release|Any CPU
		{234BF27C-77C5-4502-A2BB-6599C3A02409}.Ad-Hoc|iPhoneSimulator.ActiveCfg = Release|Any CPU
		{234BF27C-77C5-4502-A2BB-6599C3A02409}.Ad-Hoc|Mixed Platforms.ActiveCfg = Release|Any CPU
		{234BF27C-77C5-4502-A2BB-6599C3A02409}.Ad-Hoc|Mixed Platforms.Build.0 = Release|Any CPU
		{234BF27C-77C5-4502-A2BB-6599C3A02409}.AppStore|Any CPU.ActiveCfg = Release|Any CPU
		{234BF27C-77C5-4502-A2BB-6599C3A02409}.AppStore|Any CPU.Build.0 = Release|Any CPU
		{234BF27C-77C5-4502-A2BB-6599C3A02409}.AppStore|iPhone.ActiveCfg = Release|Any CPU
		{234BF27C-77C5-4502-A2BB-6599C3A02409}.AppStore|iPhoneSimulator.ActiveCfg = Release|Any CPU
		{234BF27C-77C5-4502-A2BB-6599C3A02409}.AppStore|Mixed Platforms.ActiveCfg = Release|Any CPU
		{234BF27C-77C5-4502-A2BB-6599C3A02409}.AppStore|Mixed Platforms.Build.0 = Release|Any CPU
		{234BF27C-77C5-4502-A2BB-6599C3A02409}.Debug|Any CPU.ActiveCfg = Debug|Any CPU
		{234BF27C-77C5-4502-A2BB-6599C3A02409}.Debug|Any CPU.Build.0 = Debug|Any CPU
		{234BF27C-77C5-4502-A2BB-6599C3A02409}.Debug|iPhone.ActiveCfg = Debug|Any CPU
		{234BF27C-77C5-4502-A2BB-6599C3A02409}.Debug|iPhoneSimulator.ActiveCfg = Debug|Any CPU
		{234BF27C-77C5-4502-A2BB-6599C3A02409}.Debug|Mixed Platforms.ActiveCfg = Debug|Any CPU
		{234BF27C-77C5-4502-A2BB-6599C3A02409}.Debug|Mixed Platforms.Build.0 = Debug|Any CPU
		{234BF27C-77C5-4502-A2BB-6599C3A02409}.Release|Any CPU.ActiveCfg = Release|Any CPU
		{234BF27C-77C5-4502-A2BB-6599C3A02409}.Release|Any CPU.Build.0 = Release|Any CPU
		{234BF27C-77C5-4502-A2BB-6599C3A02409}.Release|iPhone.ActiveCfg = Release|Any CPU
		{234BF27C-77C5-4502-A2BB-6599C3A02409}.Release|iPhoneSimulator.ActiveCfg = Release|Any CPU
		{234BF27C-77C5-4502-A2BB-6599C3A02409}.Release|Mixed Platforms.ActiveCfg = Release|Any CPU
		{234BF27C-77C5-4502-A2BB-6599C3A02409}.Release|Mixed Platforms.Build.0 = Release|Any CPU
		{65134F42-13A6-40F9-ABE9-F211D4AB2933}.Ad-Hoc|Any CPU.ActiveCfg = Release|Any CPU
		{65134F42-13A6-40F9-ABE9-F211D4AB2933}.Ad-Hoc|Any CPU.Build.0 = Release|Any CPU
		{65134F42-13A6-40F9-ABE9-F211D4AB2933}.Ad-Hoc|iPhone.ActiveCfg = Release|Any CPU
		{65134F42-13A6-40F9-ABE9-F211D4AB2933}.Ad-Hoc|iPhoneSimulator.ActiveCfg = Release|Any CPU
		{65134F42-13A6-40F9-ABE9-F211D4AB2933}.Ad-Hoc|Mixed Platforms.ActiveCfg = Release|Any CPU
		{65134F42-13A6-40F9-ABE9-F211D4AB2933}.Ad-Hoc|Mixed Platforms.Build.0 = Release|Any CPU
		{65134F42-13A6-40F9-ABE9-F211D4AB2933}.AppStore|Any CPU.ActiveCfg = Release|Any CPU
		{65134F42-13A6-40F9-ABE9-F211D4AB2933}.AppStore|Any CPU.Build.0 = Release|Any CPU
		{65134F42-13A6-40F9-ABE9-F211D4AB2933}.AppStore|iPhone.ActiveCfg = Release|Any CPU
		{65134F42-13A6-40F9-ABE9-F211D4AB2933}.AppStore|iPhoneSimulator.ActiveCfg = Release|Any CPU
		{65134F42-13A6-40F9-ABE9-F211D4AB2933}.AppStore|Mixed Platforms.ActiveCfg = Release|Any CPU
		{65134F42-13A6-40F9-ABE9-F211D4AB2933}.AppStore|Mixed Platforms.Build.0 = Release|Any CPU
		{65134F42-13A6-40F9-ABE9-F211D4AB2933}.Debug|Any CPU.ActiveCfg = Debug|Any CPU
		{65134F42-13A6-40F9-ABE9-F211D4AB2933}.Debug|Any CPU.Build.0 = Debug|Any CPU
		{65134F42-13A6-40F9-ABE9-F211D4AB2933}.Debug|iPhone.ActiveCfg = Debug|Any CPU
		{65134F42-13A6-40F9-ABE9-F211D4AB2933}.Debug|iPhoneSimulator.ActiveCfg = Debug|Any CPU
		{65134F42-13A6-40F9-ABE9-F211D4AB2933}.Debug|Mixed Platforms.ActiveCfg = Debug|Any CPU
		{65134F42-13A6-40F9-ABE9-F211D4AB2933}.Debug|Mixed Platforms.Build.0 = Debug|Any CPU
		{65134F42-13A6-40F9-ABE9-F211D4AB2933}.Release|Any CPU.ActiveCfg = Release|Any CPU
		{65134F42-13A6-40F9-ABE9-F211D4AB2933}.Release|Any CPU.Build.0 = Release|Any CPU
		{65134F42-13A6-40F9-ABE9-F211D4AB2933}.Release|iPhone.ActiveCfg = Release|Any CPU
		{65134F42-13A6-40F9-ABE9-F211D4AB2933}.Release|iPhoneSimulator.ActiveCfg = Release|Any CPU
		{65134F42-13A6-40F9-ABE9-F211D4AB2933}.Release|Mixed Platforms.ActiveCfg = Release|Any CPU
		{65134F42-13A6-40F9-ABE9-F211D4AB2933}.Release|Mixed Platforms.Build.0 = Release|Any CPU
	EndGlobalSection
	GlobalSection(SolutionProperties) = preSolution
		HideSolutionNode = FALSE
	EndGlobalSection
	GlobalSection(MonoDevelopProperties) = preSolution
		StartupItem = PropertyTracker.UI.iOS\PropertyTracker.UI.iOS.csproj
	EndGlobalSection
EndGlobal
